{
  "requires": true,
  "lockfileVersion": 1,
  "dependencies": {
    "mds.angular.datetimepicker": {
      "version": "1.1.30",
      "resolved": "https://registry.npmjs.org/mds.angular.datetimepicker/-/mds.angular.datetimepicker-1.1.30.tgz",
      "integrity": "sha512-y4XSgdeck/0NkzFde5wgaT9K4/scRzIpDZyfLjp9r343ZszS7n55p6kRAbfKhPln7A+YQmF+3O8UZ0IUIZZIfA=="
    }
  }
}
