{
  "requires": true,
  "lockfileVersion": 1,
  "dependencies": {
    "mds.angular.datetimepicker": {
      "version": "1.2.8",
      "resolved": "https://registry.npmjs.org/mds.angular.datetimepicker/-/mds.angular.datetimepicker-1.2.8.tgz",
      "integrity": "sha512-gtIdKLtrW0tEriM3Hjyipmafe8IOyaazYCbvYJrlXmi8RBeQ4rfMel1mc3mOXY1+CrKDfbpxRDF2CApo1CTXkw=="
    }
  }
}
